
Microsoft Visual Studio Solution File, Format Version 12.00
# Visual Studio 15
VisualStudioVersion = 15.0.26730.16
MinimumVisualStudioVersion = 10.0.40219.1
Project("{8BC9CEB8-8B4A-11D0-8D11-00A0C91BC942}") = "PL01", "PL01\PL01.vcxproj", "{9D69252B-C705-4AAC-82FA-536C4A1E598F}"
EndProject
Global
	GlobalSection(SolutionConfigurationPlatforms) = preSolution
		Debug|x64 = Debug|x64
		Debug|x86 = Debug|x86
		Release|x64 = Release|x64
		Release|x86 = Release|x86
	EndGlobalSection
	GlobalSection(ProjectConfigurationPlatforms) = postSolution
		{9D69252B-C705-4AAC-82FA-536C4A1E598F}.Debug|x64.ActiveCfg = Debug|x64
		{9D69252B-C705-4AAC-82FA-536C4A1E598F}.Debug|x64.Build.0 = Debug|x64
		{9D69252B-C705-4AAC-82FA-536C4A1E598F}.Debug|x86.ActiveCfg = Debug|Win32
		{9D69252B-C705-4AAC-82FA-536C4A1E598F}.Debug|x86.Build.0 = Debug|Win32
		{9D69252B-C705-4AAC-82FA-536C4A1E598F}.Release|x64.ActiveCfg = Release|x64
		{9D69252B-C705-4AAC-82FA-536C4A1E598F}.Release|x64.Build.0 = Release|x64
		{9D69252B-C705-4AAC-82FA-536C4A1E598F}.Release|x86.ActiveCfg = Release|Win32
		{9D69252B-C705-4AAC-82FA-536C4A1E598F}.Release|x86.Build.0 = Release|Win32
	EndGlobalSection
	GlobalSection(SolutionProperties) = preSolution
		HideSolutionNode = FALSE
	EndGlobalSection
	GlobalSection(ExtensibilityGlobals) = postSolution
		SolutionGuid = {42176A14-B6D2-406A-B365-B13FA8C0525A}
	EndGlobalSection
EndGlobal
